
Microsoft Visual Studio Solution File, Format Version 12.00
# Visual Studio Express 2013 for Windows Desktop
VisualStudioVersion = 12.0.30501.0
MinimumVisualStudioVersion = 10.0.40219.1
Project("{8BC9CEB8-8B4A-11D0-8D11-00A0C91BC942}") = "RandomGenerator", "RandomGenerator\RandomGenerator.vcxproj", "{647AEE8C-DC77-49FA-8C71-F8CA51E380FB}"
EndProject
Project("{FAE04EC0-301F-11D3-BF4B-00C04F79EFBC}") = "CSSort", "CSSort\CSSort.csproj", "{8B33ECB0-CEA3-45F5-B37F-BFA694E995DD}"
EndProject
Project("{FAE04EC0-301F-11D3-BF4B-00C04F79EFBC}") = "CSSortBuiltin", "CSSortBuiltin\CSSortBuiltin.csproj", "{3B805121-1B88-496C-87C9-AE6986D440B8}"
EndProject
Project("{8BC9CEB8-8B4A-11D0-8D11-00A0C91BC942}") = "CPPSort", "CPPSort\CPPSort.vcxproj", "{C422A1A1-A26A-4131-8F06-77688EFE40E3}"
EndProject
Project("{2150E333-8FDC-42A3-9474-1A3956D46DE8}") = "Solution Items", "Solution Items", "{CB42B341-95D8-4101-B876-5AD5BFE0A04B}"
	ProjectSection(SolutionItems) = preProject
		JSSort\package.json = JSSort\package.json
		JSSort\program.js = JSSort\program.js
		run.bat = run.bat
	EndProjectSection
EndProject
Global
	GlobalSection(SolutionConfigurationPlatforms) = preSolution
		Debug|x64 = Debug|x64
		Debug|x86 = Debug|x86
		Release|x64 = Release|x64
		Release|x86 = Release|x86
	EndGlobalSection
	GlobalSection(ProjectConfigurationPlatforms) = postSolution
		{647AEE8C-DC77-49FA-8C71-F8CA51E380FB}.Debug|x64.ActiveCfg = Debug|x64
		{647AEE8C-DC77-49FA-8C71-F8CA51E380FB}.Debug|x64.Build.0 = Debug|x64
		{647AEE8C-DC77-49FA-8C71-F8CA51E380FB}.Debug|x86.ActiveCfg = Debug|Win32
		{647AEE8C-DC77-49FA-8C71-F8CA51E380FB}.Debug|x86.Build.0 = Debug|Win32
		{647AEE8C-DC77-49FA-8C71-F8CA51E380FB}.Release|x64.ActiveCfg = Release|x64
		{647AEE8C-DC77-49FA-8C71-F8CA51E380FB}.Release|x64.Build.0 = Release|x64
		{647AEE8C-DC77-49FA-8C71-F8CA51E380FB}.Release|x86.ActiveCfg = Release|Win32
		{647AEE8C-DC77-49FA-8C71-F8CA51E380FB}.Release|x86.Build.0 = Release|Win32
		{8B33ECB0-CEA3-45F5-B37F-BFA694E995DD}.Debug|x64.ActiveCfg = Debug|x64
		{8B33ECB0-CEA3-45F5-B37F-BFA694E995DD}.Debug|x64.Build.0 = Debug|x64
		{8B33ECB0-CEA3-45F5-B37F-BFA694E995DD}.Debug|x86.ActiveCfg = Debug|x86
		{8B33ECB0-CEA3-45F5-B37F-BFA694E995DD}.Debug|x86.Build.0 = Debug|x86
		{8B33ECB0-CEA3-45F5-B37F-BFA694E995DD}.Release|x64.ActiveCfg = Release|x64
		{8B33ECB0-CEA3-45F5-B37F-BFA694E995DD}.Release|x64.Build.0 = Release|x64
		{8B33ECB0-CEA3-45F5-B37F-BFA694E995DD}.Release|x86.ActiveCfg = Release|x86
		{8B33ECB0-CEA3-45F5-B37F-BFA694E995DD}.Release|x86.Build.0 = Release|x86
		{3B805121-1B88-496C-87C9-AE6986D440B8}.Debug|x64.ActiveCfg = Debug|x64
		{3B805121-1B88-496C-87C9-AE6986D440B8}.Debug|x64.Build.0 = Debug|x64
		{3B805121-1B88-496C-87C9-AE6986D440B8}.Debug|x86.ActiveCfg = Debug|x86
		{3B805121-1B88-496C-87C9-AE6986D440B8}.Debug|x86.Build.0 = Debug|x86
		{3B805121-1B88-496C-87C9-AE6986D440B8}.Release|x64.ActiveCfg = Release|x64
		{3B805121-1B88-496C-87C9-AE6986D440B8}.Release|x64.Build.0 = Release|x64
		{3B805121-1B88-496C-87C9-AE6986D440B8}.Release|x86.ActiveCfg = Release|x86
		{3B805121-1B88-496C-87C9-AE6986D440B8}.Release|x86.Build.0 = Release|x86
		{C422A1A1-A26A-4131-8F06-77688EFE40E3}.Debug|x64.ActiveCfg = Debug|x64
		{C422A1A1-A26A-4131-8F06-77688EFE40E3}.Debug|x64.Build.0 = Debug|x64
		{C422A1A1-A26A-4131-8F06-77688EFE40E3}.Debug|x86.ActiveCfg = Debug|Win32
		{C422A1A1-A26A-4131-8F06-77688EFE40E3}.Debug|x86.Build.0 = Debug|Win32
		{C422A1A1-A26A-4131-8F06-77688EFE40E3}.Release|x64.ActiveCfg = Release|x64
		{C422A1A1-A26A-4131-8F06-77688EFE40E3}.Release|x64.Build.0 = Release|x64
		{C422A1A1-A26A-4131-8F06-77688EFE40E3}.Release|x86.ActiveCfg = Release|Win32
		{C422A1A1-A26A-4131-8F06-77688EFE40E3}.Release|x86.Build.0 = Release|Win32
	EndGlobalSection
	GlobalSection(SolutionProperties) = preSolution
		HideSolutionNode = FALSE
	EndGlobalSection
EndGlobal
